
Microsoft Visual Studio Solution File, Format Version 12.00
# Visual Studio Version 17
VisualStudioVersion = 17.13.35931.197 d17.13
MinimumVisualStudioVersion = 10.0.40219.1
Project("{FAE04EC0-301F-11D3-BF4B-00C04F79EFBC}") = "ElectronicosProyecto", "ElectronicosProyecto.csproj", "{73D3E6AE-B794-4517-97AD-175B0D571876}"
EndProject
Global
	GlobalSection(SolutionConfigurationPlatforms) = preSolution
		Debug|Any CPU = Debug|Any CPU
		Release|Any CPU = Release|Any CPU
	EndGlobalSection
	GlobalSection(ProjectConfigurationPlatforms) = postSolution
		{73D3E6AE-B794-4517-97AD-175B0D571876}.Debug|Any CPU.ActiveCfg = Debug|Any CPU
		{73D3E6AE-B794-4517-97AD-175B0D571876}.Debug|Any CPU.Build.0 = Debug|Any CPU
		{73D3E6AE-B794-4517-97AD-175B0D571876}.Release|Any CPU.ActiveCfg = Release|Any CPU
		{73D3E6AE-B794-4517-97AD-175B0D571876}.Release|Any CPU.Build.0 = Release|Any CPU
	EndGlobalSection
	GlobalSection(SolutionProperties) = preSolution
		HideSolutionNode = FALSE
	EndGlobalSection
	GlobalSection(ExtensibilityGlobals) = postSolution
		SolutionGuid = {C463D072-7002-452B-A581-17EB85C19A77}
	EndGlobalSection
EndGlobal
